<?xml version="1.0" encoding="utf-8"?>
<Project ToolsVersion="4.0" xmlns="http://schemas.microsoft.com/developer/msbuild/2003">
  <ItemGroup>
    <ClCompile Include="BaseModel.cpp">
      <Filter>Source Files\Model\Buldings</Filter>
    </ClCompile>
    <ClCompile Include="BuildingModel.cpp">
      <Filter>Source Files\Model\Buldings</Filter>
    </ClCompile>
    <ClCompile Include="CityModel.cpp">
      <Filter>Source Files\Model\Buldings</Filter>
    </ClCompile>
    <ClCompile Include="HeadquartersModel.cpp">
      <Filter>Source Files\Model\Buldings</Filter>
    </ClCompile>
    <ClCompile Include="UnitModel.cpp">
      <Filter>Source Files\Model\Units</Filter>
    </ClCompile>
    <ClCompile Include="InfantryModel.cpp">
      <Filter>Source Files\Model\Units</Filter>
    </ClCompile>
    <ClCompile Include="ArtilleryModel.cpp">
      <Filter>Source Files\Model\Units</Filter>
    </ClCompile>
    <ClCompile Include="TankModel.cpp">
      <Filter>Source Files\Model\Units</Filter>
    </ClCompile>
    <ClCompile Include="MechModel.cpp">
      <Filter>Source Files\Model\Units</Filter>
    </ClCompile>
    <ClCompile Include="PlayerModel.cpp">
      <Filter>Source Files\Model</Filter>
    </ClCompile>
    <ClCompile Include="precomp.cpp">
      <Filter>Source Files</Filter>
    </ClCompile>
    <ClCompile Include="GameMapModel.cpp">
      <Filter>Source Files\Model</Filter>
    </ClCompile>
    <ClCompile Include="Main.cpp">
      <Filter>Source Files</Filter>
    </ClCompile>
    <ClCompile Include="GameController.cpp">
      <Filter>Source Files\Controller</Filter>
    </ClCompile>
    <ClCompile Include="Constants.cpp">
      <Filter>Source Files\Model</Filter>
    </ClCompile>
  </ItemGroup>
  <ItemGroup>
    <ClInclude Include="BuildingModel.h">
      <Filter>Header Files\Model\Buildings</Filter>
    </ClInclude>
    <ClInclude Include="CityModel.h">
      <Filter>Header Files\Model\Buildings</Filter>
    </ClInclude>
    <ClInclude Include="BaseModel.h">
      <Filter>Header Files\Model\Buildings</Filter>
    </ClInclude>
    <ClInclude Include="HeadquartersModel.h">
      <Filter>Header Files\Model\Buildings</Filter>
    </ClInclude>
    <ClInclude Include="ArtilleryModel.h">
      <Filter>Header Files\Model\Units</Filter>
    </ClInclude>
    <ClInclude Include="InfantryModel.h">
      <Filter>Header Files\Model\Units</Filter>
    </ClInclude>
    <ClInclude Include="MechModel.h">
      <Filter>Header Files\Model\Units</Filter>
    </ClInclude>
    <ClInclude Include="TankModel.h">
      <Filter>Header Files\Model\Units</Filter>
    </ClInclude>
    <ClInclude Include="UnitModel.h">
      <Filter>Header Files\Model\Units</Filter>
    </ClInclude>
    <ClInclude Include="PlayerModel.h">
      <Filter>Header Files\Model</Filter>
    </ClInclude>
    <ClInclude Include="GameMapModel.h">
      <Filter>Header Files\Model</Filter>
    </ClInclude>
    <ClInclude Include="precomp.h">
      <Filter>Header Files</Filter>
    </ClInclude>
    <ClInclude Include="GameController.h">
      <Filter>Header Files\Controller</Filter>
    </ClInclude>
    <ClInclude Include="Constants.h">
      <Filter>Header Files\Model</Filter>
    </ClInclude>
  </ItemGroup>
  <ItemGroup>
    <Filter Include="Header Files">
      <UniqueIdentifier>{19e09f42-87a8-45d4-af57-ee66ab6cf3e1}</UniqueIdentifier>
    </Filter>
    <Filter Include="Source Files">
      <UniqueIdentifier>{1e4a2304-4cb5-4900-a0c9-152f4efb71aa}</UniqueIdentifier>
    </Filter>
    <Filter Include="Header Files\Model">
      <UniqueIdentifier>{53ab382a-183f-4920-920c-2e7d239f49da}</UniqueIdentifier>
    </Filter>
    <Filter Include="Header Files\Model\Buildings">
      <UniqueIdentifier>{2610ee26-11cc-43a2-9752-57d8a2a7cb49}</UniqueIdentifier>
    </Filter>
    <Filter Include="Header Files\Model\Units">
      <UniqueIdentifier>{150ff9ea-e7bc-4b4b-a24a-8c51dca8ed9e}</UniqueIdentifier>
    </Filter>
    <Filter Include="Source Files\Model">
      <UniqueIdentifier>{beb71a77-38b5-4f85-b636-1e9f3d02be05}</UniqueIdentifier>
    </Filter>
    <Filter Include="Source Files\Model\Buldings">
      <UniqueIdentifier>{22a9c1e3-87fa-452f-883c-1c52bb8e65dc}</UniqueIdentifier>
    </Filter>
    <Filter Include="Source Files\Model\Units">
      <UniqueIdentifier>{5ee280ef-28e4-4ef9-81bb-e03ee0498e50}</UniqueIdentifier>
    </Filter>
    <Filter Include="Header Files\Controller">
      <UniqueIdentifier>{ff58114f-a024-42b2-bbcf-a57be4b66f23}</UniqueIdentifier>
    </Filter>
    <Filter Include="Source Files\Controller">
      <UniqueIdentifier>{a3deff5c-b561-415a-b8d3-e239303bcdac}</UniqueIdentifier>
    </Filter>
  </ItemGroup>
</Project>